
Microsoft Visual Studio Solution File, Format Version 12.00
# Visual Studio Version 16
VisualStudioVersion = 25.0.1706.1
MinimumVisualStudioVersion = 10.0.40219.1
Project("{FAE04EC0-301F-11D3-BF4B-00C04F79EFBC}") = "toDoList", "toDoList\toDoList.csproj", "{FA4947C9-EBF9-4E2E-8A86-40C98EE47D0E}"
EndProject
Global
	GlobalSection(SolutionConfigurationPlatforms) = preSolution
		Debug|Any CPU = Debug|Any CPU
		Release|Any CPU = Release|Any CPU
	EndGlobalSection
	GlobalSection(ProjectConfigurationPlatforms) = postSolution
		{FA4947C9-EBF9-4E2E-8A86-40C98EE47D0E}.Debug|Any CPU.ActiveCfg = Debug|Any CPU
		{FA4947C9-EBF9-4E2E-8A86-40C98EE47D0E}.Debug|Any CPU.Build.0 = Debug|Any CPU
		{FA4947C9-EBF9-4E2E-8A86-40C98EE47D0E}.Release|Any CPU.ActiveCfg = Release|Any CPU
		{FA4947C9-EBF9-4E2E-8A86-40C98EE47D0E}.Release|Any CPU.Build.0 = Release|Any CPU
	EndGlobalSection
	GlobalSection(SolutionProperties) = preSolution
		HideSolutionNode = FALSE
	EndGlobalSection
	GlobalSection(ExtensibilityGlobals) = postSolution
		SolutionGuid = {5B636A9B-0D02-415F-A89A-2A4242D839D4}
	EndGlobalSection
EndGlobal
